
Microsoft Visual Studio Solution File, Format Version 12.00
# Visual Studio Version 16
VisualStudioVersion = 16.0.29424.173
MinimumVisualStudioVersion = 10.0.40219.1
Project("{FAE04EC0-301F-11D3-BF4B-00C04F79EFBC}") = "MusicCatalog", "MusicCatalog\MusicCatalog.csproj", "{6FAE2A22-65F6-4A5E-B3F9-37F017814A0D}"
EndProject
Global
	GlobalSection(SolutionConfigurationPlatforms) = preSolution
		Debug|Any CPU = Debug|Any CPU
		Release|Any CPU = Release|Any CPU
	EndGlobalSection
	GlobalSection(ProjectConfigurationPlatforms) = postSolution
		{6FAE2A22-65F6-4A5E-B3F9-37F017814A0D}.Debug|Any CPU.ActiveCfg = Debug|Any CPU
		{6FAE2A22-65F6-4A5E-B3F9-37F017814A0D}.Debug|Any CPU.Build.0 = Debug|Any CPU
		{6FAE2A22-65F6-4A5E-B3F9-37F017814A0D}.Release|Any CPU.ActiveCfg = Release|Any CPU
		{6FAE2A22-65F6-4A5E-B3F9-37F017814A0D}.Release|Any CPU.Build.0 = Release|Any CPU
	EndGlobalSection
	GlobalSection(SolutionProperties) = preSolution
		HideSolutionNode = FALSE
	EndGlobalSection
	GlobalSection(ExtensibilityGlobals) = postSolution
		SolutionGuid = {1A8CE4E1-CFED-4F8A-B0E9-2340E6B0F68D}
	EndGlobalSection
EndGlobal
